
Microsoft Visual Studio Solution File, Format Version 12.00
# Visual Studio Version 17
VisualStudioVersion = 17.0.31903.59
MinimumVisualStudioVersion = 10.0.40219.1
Project("{2150E333-8FDC-42A3-9474-1A3956D46DE8}") = "src", "src", "{827E0CD3-B72D-47B6-A68D-7590B98EB39B}"
EndProject
Project("{FAE04EC0-301F-11D3-BF4B-00C04F79EFBC}") = "Commerce.Domain", "src\Commerce.Domain\Commerce.Domain.csproj", "{2D6FF301-42E7-4A5C-A944-4AAC7C666355}"
EndProject
Project("{FAE04EC0-301F-11D3-BF4B-00C04F79EFBC}") = "Commerce.Application", "src\Commerce.Application\Commerce.Application.csproj", "{31644587-EE36-419F-9F3E-26BE73531D9A}"
EndProject
Project("{FAE04EC0-301F-11D3-BF4B-00C04F79EFBC}") = "Commerce.Infrastructure.Persistence", "src\Commerce.Infrastructure.Persistence\Commerce.Infrastructure.Persistence.csproj", "{BB13629D-A595-4681-A527-D13D59E332DC}"
EndProject
Project("{FAE04EC0-301F-11D3-BF4B-00C04F79EFBC}") = "Commerce.Infrastructure", "src\Commerce.Infrastructure\Commerce.Infrastructure.csproj", "{77F647F2-BC61-422B-9F9A-DED8D072DE24}"
EndProject
Project("{FAE04EC0-301F-11D3-BF4B-00C04F79EFBC}") = "Commerce.Api", "src\Commerce.Api\Commerce.Api.csproj", "{BDEA807A-BA59-4C6D-BA04-EA554AD7B198}"
EndProject
Project("{FAE04EC0-301F-11D3-BF4B-00C04F79EFBC}") = "Commerce.Worker", "src\Commerce.Worker\Commerce.Worker.csproj", "{289DA4B5-4113-4889-BFC0-21824AE81223}"
EndProject
Project("{2150E333-8FDC-42A3-9474-1A3956D46DE8}") = "aspire", "aspire", "{64880D93-BAB4-FF83-898C-B934B68C31A9}"
EndProject
Project("{2150E333-8FDC-42A3-9474-1A3956D46DE8}") = "AppHost", "AppHost", "{2A88621A-375B-68BD-77B2-43056A0C9194}"
EndProject
Project("{FAE04EC0-301F-11D3-BF4B-00C04F79EFBC}") = "Commerce.AppHost", "aspire\AppHost\Commerce.AppHost.csproj", "{D7E1DB52-6BB7-453F-A9F9-5DAAE29DB4CB}"
EndProject
Project("{FAE04EC0-301F-11D3-BF4B-00C04F79EFBC}") = "Commerce.Mcp", "src\Commerce.Mcp\Commerce.Mcp.csproj", "{B240215A-A9DA-44EB-9EA5-00316E0ACA8B}"
EndProject
Project("{FAE04EC0-301F-11D3-BF4B-00C04F79EFBC}") = "Commerce.Shop", "src\Commerce.Shop\Commerce.Shop.csproj", "{FAE8F8BC-F850-46F4-87B4-6C87916093D1}"
EndProject
Global
	GlobalSection(SolutionConfigurationPlatforms) = preSolution
		Debug|Any CPU = Debug|Any CPU
		Debug|x64 = Debug|x64
		Debug|x86 = Debug|x86
		Release|Any CPU = Release|Any CPU
		Release|x64 = Release|x64
		Release|x86 = Release|x86
	EndGlobalSection
	GlobalSection(ProjectConfigurationPlatforms) = postSolution
		{2D6FF301-42E7-4A5C-A944-4AAC7C666355}.Debug|Any CPU.ActiveCfg = Debug|Any CPU
		{2D6FF301-42E7-4A5C-A944-4AAC7C666355}.Debug|Any CPU.Build.0 = Debug|Any CPU
		{2D6FF301-42E7-4A5C-A944-4AAC7C666355}.Debug|x64.ActiveCfg = Debug|Any CPU
		{2D6FF301-42E7-4A5C-A944-4AAC7C666355}.Debug|x64.Build.0 = Debug|Any CPU
		{2D6FF301-42E7-4A5C-A944-4AAC7C666355}.Debug|x86.ActiveCfg = Debug|Any CPU
		{2D6FF301-42E7-4A5C-A944-4AAC7C666355}.Debug|x86.Build.0 = Debug|Any CPU
		{2D6FF301-42E7-4A5C-A944-4AAC7C666355}.Release|Any CPU.ActiveCfg = Release|Any CPU
		{2D6FF301-42E7-4A5C-A944-4AAC7C666355}.Release|Any CPU.Build.0 = Release|Any CPU
		{2D6FF301-42E7-4A5C-A944-4AAC7C666355}.Release|x64.ActiveCfg = Release|Any CPU
		{2D6FF301-42E7-4A5C-A944-4AAC7C666355}.Release|x64.Build.0 = Release|Any CPU
		{2D6FF301-42E7-4A5C-A944-4AAC7C666355}.Release|x86.ActiveCfg = Release|Any CPU
		{2D6FF301-42E7-4A5C-A944-4AAC7C666355}.Release|x86.Build.0 = Release|Any CPU
		{31644587-EE36-419F-9F3E-26BE73531D9A}.Debug|Any CPU.ActiveCfg = Debug|Any CPU
		{31644587-EE36-419F-9F3E-26BE73531D9A}.Debug|Any CPU.Build.0 = Debug|Any CPU
		{31644587-EE36-419F-9F3E-26BE73531D9A}.Debug|x64.ActiveCfg = Debug|Any CPU
		{31644587-EE36-419F-9F3E-26BE73531D9A}.Debug|x64.Build.0 = Debug|Any CPU
		{31644587-EE36-419F-9F3E-26BE73531D9A}.Debug|x86.ActiveCfg = Debug|Any CPU
		{31644587-EE36-419F-9F3E-26BE73531D9A}.Debug|x86.Build.0 = Debug|Any CPU
		{31644587-EE36-419F-9F3E-26BE73531D9A}.Release|Any CPU.ActiveCfg = Release|Any CPU
		{31644587-EE36-419F-9F3E-26BE73531D9A}.Release|Any CPU.Build.0 = Release|Any CPU
		{31644587-EE36-419F-9F3E-26BE73531D9A}.Release|x64.ActiveCfg = Release|Any CPU
		{31644587-EE36-419F-9F3E-26BE73531D9A}.Release|x64.Build.0 = Release|Any CPU
		{31644587-EE36-419F-9F3E-26BE73531D9A}.Release|x86.ActiveCfg = Release|Any CPU
		{31644587-EE36-419F-9F3E-26BE73531D9A}.Release|x86.Build.0 = Release|Any CPU
		{BB13629D-A595-4681-A527-D13D59E332DC}.Debug|Any CPU.ActiveCfg = Debug|Any CPU
		{BB13629D-A595-4681-A527-D13D59E332DC}.Debug|Any CPU.Build.0 = Debug|Any CPU
		{BB13629D-A595-4681-A527-D13D59E332DC}.Debug|x64.ActiveCfg = Debug|Any CPU
		{BB13629D-A595-4681-A527-D13D59E332DC}.Debug|x64.Build.0 = Debug|Any CPU
		{BB13629D-A595-4681-A527-D13D59E332DC}.Debug|x86.ActiveCfg = Debug|Any CPU
		{BB13629D-A595-4681-A527-D13D59E332DC}.Debug|x86.Build.0 = Debug|Any CPU
		{BB13629D-A595-4681-A527-D13D59E332DC}.Release|Any CPU.ActiveCfg = Release|Any CPU
		{BB13629D-A595-4681-A527-D13D59E332DC}.Release|Any CPU.Build.0 = Release|Any CPU
		{BB13629D-A595-4681-A527-D13D59E332DC}.Release|x64.ActiveCfg = Release|Any CPU
		{BB13629D-A595-4681-A527-D13D59E332DC}.Release|x64.Build.0 = Release|Any CPU
		{BB13629D-A595-4681-A527-D13D59E332DC}.Release|x86.ActiveCfg = Release|Any CPU
		{BB13629D-A595-4681-A527-D13D59E332DC}.Release|x86.Build.0 = Release|Any CPU
		{77F647F2-BC61-422B-9F9A-DED8D072DE24}.Debug|Any CPU.ActiveCfg = Debug|Any CPU
		{77F647F2-BC61-422B-9F9A-DED8D072DE24}.Debug|Any CPU.Build.0 = Debug|Any CPU
		{77F647F2-BC61-422B-9F9A-DED8D072DE24}.Debug|x64.ActiveCfg = Debug|Any CPU
		{77F647F2-BC61-422B-9F9A-DED8D072DE24}.Debug|x64.Build.0 = Debug|Any CPU
		{77F647F2-BC61-422B-9F9A-DED8D072DE24}.Debug|x86.ActiveCfg = Debug|Any CPU
		{77F647F2-BC61-422B-9F9A-DED8D072DE24}.Debug|x86.Build.0 = Debug|Any CPU
		{77F647F2-BC61-422B-9F9A-DED8D072DE24}.Release|Any CPU.ActiveCfg = Release|Any CPU
		{77F647F2-BC61-422B-9F9A-DED8D072DE24}.Release|Any CPU.Build.0 = Release|Any CPU
		{77F647F2-BC61-422B-9F9A-DED8D072DE24}.Release|x64.ActiveCfg = Release|Any CPU
		{77F647F2-BC61-422B-9F9A-DED8D072DE24}.Release|x64.Build.0 = Release|Any CPU
		{77F647F2-BC61-422B-9F9A-DED8D072DE24}.Release|x86.ActiveCfg = Release|Any CPU
		{77F647F2-BC61-422B-9F9A-DED8D072DE24}.Release|x86.Build.0 = Release|Any CPU
		{BDEA807A-BA59-4C6D-BA04-EA554AD7B198}.Debug|Any CPU.ActiveCfg = Debug|Any CPU
		{BDEA807A-BA59-4C6D-BA04-EA554AD7B198}.Debug|Any CPU.Build.0 = Debug|Any CPU
		{BDEA807A-BA59-4C6D-BA04-EA554AD7B198}.Debug|x64.ActiveCfg = Debug|Any CPU
		{BDEA807A-BA59-4C6D-BA04-EA554AD7B198}.Debug|x64.Build.0 = Debug|Any CPU
		{BDEA807A-BA59-4C6D-BA04-EA554AD7B198}.Debug|x86.ActiveCfg = Debug|Any CPU
		{BDEA807A-BA59-4C6D-BA04-EA554AD7B198}.Debug|x86.Build.0 = Debug|Any CPU
		{BDEA807A-BA59-4C6D-BA04-EA554AD7B198}.Release|Any CPU.ActiveCfg = Release|Any CPU
		{BDEA807A-BA59-4C6D-BA04-EA554AD7B198}.Release|Any CPU.Build.0 = Release|Any CPU
		{BDEA807A-BA59-4C6D-BA04-EA554AD7B198}.Release|x64.ActiveCfg = Release|Any CPU
		{BDEA807A-BA59-4C6D-BA04-EA554AD7B198}.Release|x64.Build.0 = Release|Any CPU
		{BDEA807A-BA59-4C6D-BA04-EA554AD7B198}.Release|x86.ActiveCfg = Release|Any CPU
		{BDEA807A-BA59-4C6D-BA04-EA554AD7B198}.Release|x86.Build.0 = Release|Any CPU
		{289DA4B5-4113-4889-BFC0-21824AE81223}.Debug|Any CPU.ActiveCfg = Debug|Any CPU
		{289DA4B5-4113-4889-BFC0-21824AE81223}.Debug|Any CPU.Build.0 = Debug|Any CPU
		{289DA4B5-4113-4889-BFC0-21824AE81223}.Debug|x64.ActiveCfg = Debug|Any CPU
		{289DA4B5-4113-4889-BFC0-21824AE81223}.Debug|x64.Build.0 = Debug|Any CPU
		{289DA4B5-4113-4889-BFC0-21824AE81223}.Debug|x86.ActiveCfg = Debug|Any CPU
		{289DA4B5-4113-4889-BFC0-21824AE81223}.Debug|x86.Build.0 = Debug|Any CPU
		{289DA4B5-4113-4889-BFC0-21824AE81223}.Release|Any CPU.ActiveCfg = Release|Any CPU
		{289DA4B5-4113-4889-BFC0-21824AE81223}.Release|Any CPU.Build.0 = Release|Any CPU
		{289DA4B5-4113-4889-BFC0-21824AE81223}.Release|x64.ActiveCfg = Release|Any CPU
		{289DA4B5-4113-4889-BFC0-21824AE81223}.Release|x64.Build.0 = Release|Any CPU
		{289DA4B5-4113-4889-BFC0-21824AE81223}.Release|x86.ActiveCfg = Release|Any CPU
		{289DA4B5-4113-4889-BFC0-21824AE81223}.Release|x86.Build.0 = Release|Any CPU
		{D7E1DB52-6BB7-453F-A9F9-5DAAE29DB4CB}.Debug|Any CPU.ActiveCfg = Debug|Any CPU
		{D7E1DB52-6BB7-453F-A9F9-5DAAE29DB4CB}.Debug|Any CPU.Build.0 = Debug|Any CPU
		{D7E1DB52-6BB7-453F-A9F9-5DAAE29DB4CB}.Debug|x64.ActiveCfg = Debug|Any CPU
		{D7E1DB52-6BB7-453F-A9F9-5DAAE29DB4CB}.Debug|x64.Build.0 = Debug|Any CPU
		{D7E1DB52-6BB7-453F-A9F9-5DAAE29DB4CB}.Debug|x86.ActiveCfg = Debug|Any CPU
		{D7E1DB52-6BB7-453F-A9F9-5DAAE29DB4CB}.Debug|x86.Build.0 = Debug|Any CPU
		{D7E1DB52-6BB7-453F-A9F9-5DAAE29DB4CB}.Release|Any CPU.ActiveCfg = Release|Any CPU
		{D7E1DB52-6BB7-453F-A9F9-5DAAE29DB4CB}.Release|Any CPU.Build.0 = Release|Any CPU
		{D7E1DB52-6BB7-453F-A9F9-5DAAE29DB4CB}.Release|x64.ActiveCfg = Release|Any CPU
		{D7E1DB52-6BB7-453F-A9F9-5DAAE29DB4CB}.Release|x64.Build.0 = Release|Any CPU
		{D7E1DB52-6BB7-453F-A9F9-5DAAE29DB4CB}.Release|x86.ActiveCfg = Release|Any CPU
		{D7E1DB52-6BB7-453F-A9F9-5DAAE29DB4CB}.Release|x86.Build.0 = Release|Any CPU
		{B240215A-A9DA-44EB-9EA5-00316E0ACA8B}.Debug|Any CPU.ActiveCfg = Debug|Any CPU
		{B240215A-A9DA-44EB-9EA5-00316E0ACA8B}.Debug|Any CPU.Build.0 = Debug|Any CPU
		{B240215A-A9DA-44EB-9EA5-00316E0ACA8B}.Debug|x64.ActiveCfg = Debug|Any CPU
		{B240215A-A9DA-44EB-9EA5-00316E0ACA8B}.Debug|x64.Build.0 = Debug|Any CPU
		{B240215A-A9DA-44EB-9EA5-00316E0ACA8B}.Debug|x86.ActiveCfg = Debug|Any CPU
		{B240215A-A9DA-44EB-9EA5-00316E0ACA8B}.Debug|x86.Build.0 = Debug|Any CPU
		{B240215A-A9DA-44EB-9EA5-00316E0ACA8B}.Release|Any CPU.ActiveCfg = Release|Any CPU
		{B240215A-A9DA-44EB-9EA5-00316E0ACA8B}.Release|Any CPU.Build.0 = Release|Any CPU
		{B240215A-A9DA-44EB-9EA5-00316E0ACA8B}.Release|x64.ActiveCfg = Release|Any CPU
		{B240215A-A9DA-44EB-9EA5-00316E0ACA8B}.Release|x64.Build.0 = Release|Any CPU
		{B240215A-A9DA-44EB-9EA5-00316E0ACA8B}.Release|x86.ActiveCfg = Release|Any CPU
		{B240215A-A9DA-44EB-9EA5-00316E0ACA8B}.Release|x86.Build.0 = Release|Any CPU
		{FAE8F8BC-F850-46F4-87B4-6C87916093D1}.Debug|Any CPU.ActiveCfg = Debug|Any CPU
		{FAE8F8BC-F850-46F4-87B4-6C87916093D1}.Debug|Any CPU.Build.0 = Debug|Any CPU
		{FAE8F8BC-F850-46F4-87B4-6C87916093D1}.Debug|x64.ActiveCfg = Debug|Any CPU
		{FAE8F8BC-F850-46F4-87B4-6C87916093D1}.Debug|x64.Build.0 = Debug|Any CPU
		{FAE8F8BC-F850-46F4-87B4-6C87916093D1}.Debug|x86.ActiveCfg = Debug|Any CPU
		{FAE8F8BC-F850-46F4-87B4-6C87916093D1}.Debug|x86.Build.0 = Debug|Any CPU
		{FAE8F8BC-F850-46F4-87B4-6C87916093D1}.Release|Any CPU.ActiveCfg = Release|Any CPU
		{FAE8F8BC-F850-46F4-87B4-6C87916093D1}.Release|Any CPU.Build.0 = Release|Any CPU
		{FAE8F8BC-F850-46F4-87B4-6C87916093D1}.Release|x64.ActiveCfg = Release|Any CPU
		{FAE8F8BC-F850-46F4-87B4-6C87916093D1}.Release|x64.Build.0 = Release|Any CPU
		{FAE8F8BC-F850-46F4-87B4-6C87916093D1}.Release|x86.ActiveCfg = Release|Any CPU
		{FAE8F8BC-F850-46F4-87B4-6C87916093D1}.Release|x86.Build.0 = Release|Any CPU
	EndGlobalSection
	GlobalSection(SolutionProperties) = preSolution
		HideSolutionNode = FALSE
	EndGlobalSection
	GlobalSection(NestedProjects) = preSolution
		{2D6FF301-42E7-4A5C-A944-4AAC7C666355} = {827E0CD3-B72D-47B6-A68D-7590B98EB39B}
		{31644587-EE36-419F-9F3E-26BE73531D9A} = {827E0CD3-B72D-47B6-A68D-7590B98EB39B}
		{BB13629D-A595-4681-A527-D13D59E332DC} = {827E0CD3-B72D-47B6-A68D-7590B98EB39B}
		{77F647F2-BC61-422B-9F9A-DED8D072DE24} = {827E0CD3-B72D-47B6-A68D-7590B98EB39B}
		{BDEA807A-BA59-4C6D-BA04-EA554AD7B198} = {827E0CD3-B72D-47B6-A68D-7590B98EB39B}
		{289DA4B5-4113-4889-BFC0-21824AE81223} = {827E0CD3-B72D-47B6-A68D-7590B98EB39B}
		{2A88621A-375B-68BD-77B2-43056A0C9194} = {64880D93-BAB4-FF83-898C-B934B68C31A9}
		{D7E1DB52-6BB7-453F-A9F9-5DAAE29DB4CB} = {2A88621A-375B-68BD-77B2-43056A0C9194}
		{B240215A-A9DA-44EB-9EA5-00316E0ACA8B} = {827E0CD3-B72D-47B6-A68D-7590B98EB39B}
		{FAE8F8BC-F850-46F4-87B4-6C87916093D1} = {827E0CD3-B72D-47B6-A68D-7590B98EB39B}
	EndGlobalSection
EndGlobal
